
Microsoft Visual Studio Solution File, Format Version 12.00
# Visual Studio Version 17
VisualStudioVersion = 17.3.32922.545
MinimumVisualStudioVersion = 10.0.40219.1
Project("{4563A1C6-7E27-4C89-9183-3F851C782A9D}") = "TIFactionEliminationMod", "TIFactionEliminationMod\TIHumanFactionEliminationMod.csproj", "{91B7A999-8E9D-416F-949F-73AE3484F56B}"
EndProject
Project("{2150E333-8FDC-42A3-9474-1A3956D46DE8}") = "Solution Items", "Solution Items", "{AEA1415D-A208-439F-9A0B-EE07CA3A9B3A}"
	ProjectSection(SolutionItems) = preProject
		.gitattributes = .gitattributes
		.gitignore = .gitignore
		README.md = README.md
	EndProjectSection
EndProject
Global
	GlobalSection(SolutionConfigurationPlatforms) = preSolution
		Debug|x64 = Debug|x64
		Release|x64 = Release|x64
	EndGlobalSection
	GlobalSection(ProjectConfigurationPlatforms) = postSolution
		{91B7A999-8E9D-416F-949F-73AE3484F56B}.Debug|x64.ActiveCfg = Debug|x64
		{91B7A999-8E9D-416F-949F-73AE3484F56B}.Debug|x64.Build.0 = Debug|x64
		{91B7A999-8E9D-416F-949F-73AE3484F56B}.Release|x64.ActiveCfg = Release|x64
		{91B7A999-8E9D-416F-949F-73AE3484F56B}.Release|x64.Build.0 = Release|x64
	EndGlobalSection
	GlobalSection(SolutionProperties) = preSolution
		HideSolutionNode = FALSE
	EndGlobalSection
	GlobalSection(ExtensibilityGlobals) = postSolution
		SolutionGuid = {0B3149AF-8B00-4BB1-8039-AEB5C22688EB}
	EndGlobalSection
EndGlobal
